{
  "name": "api",
  "lockfileVersion": 3,
  "requires": true,
  "packages": {
    "": {
      "dependencies": {
        "@nlabs/arkhamjs": "^3.31.7"
      }
    },
    "node_modules/@nlabs/arkhamjs": {
      "version": "3.31.7",
      "resolved": "https://registry.npmjs.org/@nlabs/arkhamjs/-/arkhamjs-3.31.7.tgz",
      "integrity": "sha512-zkUGLoj4dHcrlOS7IDvBS+roK4vQ2VcxA5Jy1k1JiRAmqm594xYv9Qzl/wJuhW+lx+cbfLTLG0brkQUfBv/6Pg==",
      "license": "MIT",
      "dependencies": {
        "@nlabs/utils": "2.8.3",
        "events": "^3.3.0"
      }
    },
    "node_modules/@nlabs/utils": {
      "version": "2.8.3",
      "resolved": "https://registry.npmjs.org/@nlabs/utils/-/utils-2.8.3.tgz",
      "integrity": "sha512-9GFcxNhgjzjeQAWJLjru24bc8WGPj8a4Jv5w/DQ9N+gqSkwSS1TTj180Ch2DHbf6tnJ3IeZUoxWDUJxRHA1asg==",
      "dependencies": {
        "crypto-js": "^4.2.0",
        "google-libphonenumber": "3.2.42",
        "haversine": "1.1.1",
        "luxon": "3.7.1",
        "numeral": "2.0.6"
      }
    },
    "node_modules/crypto-js": {
      "version": "4.2.0",
      "resolved": "https://registry.npmjs.org/crypto-js/-/crypto-js-4.2.0.tgz",
      "integrity": "sha512-KALDyEYgpY+Rlob/iriUtjV6d5Eq+Y191A5g4UqLAi8CyGP9N1+FdVbkc1SxKc2r4YAYqG8JzO2KGL+AizD70Q==",
      "license": "MIT"
    },
    "node_modules/events": {
      "version": "3.3.0",
      "resolved": "https://registry.npmjs.org/events/-/events-3.3.0.tgz",
      "integrity": "sha512-mQw+2fkQbALzQ7V0MY0IqdnXNOeTtP4r0lN9z7AAawCXgqea7bDii20AYrIBrFd/Hx0M2Ocz6S111CaFkUcb0Q==",
      "license": "MIT",
      "engines": {
        "node": ">=0.8.x"
      }
    },
    "node_modules/google-libphonenumber": {
      "version": "3.2.42",
      "resolved": "https://registry.npmjs.org/google-libphonenumber/-/google-libphonenumber-3.2.42.tgz",
      "integrity": "sha512-60jm6Lu72WmlUJXUBJmmuZlHG2vDJ2gQ9pL5gcFsSe1Q4eigsm0Z1ayNHjMgqGUl0zey8JqKtO4QCHPV+5LCNQ==",
      "license": "(MIT AND Apache-2.0)",
      "engines": {
        "node": ">=0.10"
      }
    },
    "node_modules/haversine": {
      "version": "1.1.1",
      "resolved": "https://registry.npmjs.org/haversine/-/haversine-1.1.1.tgz",
      "integrity": "sha512-KW4MS8+krLIeiw8bF5z532CptG0ZyGGFj0UbKMxx25lKnnJ1hMUbuzQl+PXQjNiDLnl1bOyz23U6hSK10r4guw==",
      "license": "MIT"
    },
    "node_modules/luxon": {
      "version": "3.7.1",
      "resolved": "https://registry.npmjs.org/luxon/-/luxon-3.7.1.tgz",
      "integrity": "sha512-RkRWjA926cTvz5rAb1BqyWkKbbjzCGchDUIKMCUvNi17j6f6j8uHGDV82Aqcqtzd+icoYpELmG3ksgGiFNNcNg==",
      "license": "MIT",
      "engines": {
        "node": ">=12"
      }
    },
    "node_modules/numeral": {
      "version": "2.0.6",
      "resolved": "https://registry.npmjs.org/numeral/-/numeral-2.0.6.tgz",
      "integrity": "sha512-qaKRmtYPZ5qdw4jWJD6bxEf1FJEqllJrwxCLIm0sQU/A7v2/czigzOb+C2uSiFsa9lBUzeH7M1oK+Q+OLxL3kA==",
      "license": "MIT",
      "engines": {
        "node": "*"
      }
    }
  }
}
